# THIS IS AN AUTOGENERATED FILE. DO NOT EDIT THIS FILE DIRECTLY.
# yarn lockfile v1


twitter-api-v2@^1.15.1:
  version "1.15.1"
  resolved "https://registry.yarnpkg.com/twitter-api-v2/-/twitter-api-v2-1.15.1.tgz#e7959bcaea5ee1633df7124f94ab0e7939357963"
  integrity sha512-KNxoJL+sldWMI3AooPGcNkbP8awQai93d9xxsTurVPuUo/qnOUR3iO0XZTGC5sezdejHHqNyTwBAgGGw948MDg==

yarn@^1.22.19:
  version "1.22.19"
  resolved "https://registry.yarnpkg.com/yarn/-/yarn-1.22.19.tgz#4ba7fc5c6e704fce2066ecbfb0b0d8976fe62447"
  integrity sha512-/0V5q0WbslqnwP91tirOvldvYISzaqhClxzyUKXYxs07yUILIs5jx/k6CFe8bvKSkds5w+eiOqta39Wk3WxdcQ==
